
Microsoft Visual Studio Solution File, Format Version 12.00
# Visual Studio 2013
VisualStudioVersion = 12.0.30501.0
MinimumVisualStudioVersion = 10.0.40219.1
Project("{FAE04EC0-301F-11D3-BF4B-00C04F79EFBC}") = "Wpf.Test.Validation", "Wpf.Test.Validation\Wpf.Test.Validation.csproj", "{0291284C-0EB1-4B45-A4B4-69DC76630955}"
EndProject
Project("{FAE04EC0-301F-11D3-BF4B-00C04F79EFBC}") = "Wpf.Test.Domain", "Wpf.Test.Domain\Wpf.Test.Domain.csproj", "{C0AFF51A-8CCC-4643-80A1-94CDCB3D4024}"
EndProject
Global
	GlobalSection(SolutionConfigurationPlatforms) = preSolution
		Debug|Any CPU = Debug|Any CPU
		Release|Any CPU = Release|Any CPU
	EndGlobalSection
	GlobalSection(ProjectConfigurationPlatforms) = postSolution
		{0291284C-0EB1-4B45-A4B4-69DC76630955}.Debug|Any CPU.ActiveCfg = Debug|Any CPU
		{0291284C-0EB1-4B45-A4B4-69DC76630955}.Debug|Any CPU.Build.0 = Debug|Any CPU
		{0291284C-0EB1-4B45-A4B4-69DC76630955}.Release|Any CPU.ActiveCfg = Release|Any CPU
		{0291284C-0EB1-4B45-A4B4-69DC76630955}.Release|Any CPU.Build.0 = Release|Any CPU
		{C0AFF51A-8CCC-4643-80A1-94CDCB3D4024}.Debug|Any CPU.ActiveCfg = Debug|Any CPU
		{C0AFF51A-8CCC-4643-80A1-94CDCB3D4024}.Debug|Any CPU.Build.0 = Debug|Any CPU
		{C0AFF51A-8CCC-4643-80A1-94CDCB3D4024}.Release|Any CPU.ActiveCfg = Release|Any CPU
		{C0AFF51A-8CCC-4643-80A1-94CDCB3D4024}.Release|Any CPU.Build.0 = Release|Any CPU
	EndGlobalSection
	GlobalSection(SolutionProperties) = preSolution
		HideSolutionNode = FALSE
	EndGlobalSection
EndGlobal
